
Microsoft Visual Studio Solution File, Format Version 12.00
# Visual Studio Version 16
VisualStudioVersion = 16.0.29306.81
MinimumVisualStudioVersion = 10.0.40219.1
Project("{FAE04EC0-301F-11D3-BF4B-00C04F79EFBC}") = "TA", "localMovieViewingHistory\TA.csproj", "{5B7352CA-4641-4921-940C-2AB1E5EDA6BD}"
EndProject
Global
	GlobalSection(SolutionConfigurationPlatforms) = preSolution
		Debug|Any CPU = Debug|Any CPU
		Release|Any CPU = Release|Any CPU
	EndGlobalSection
	GlobalSection(ProjectConfigurationPlatforms) = postSolution
		{5B7352CA-4641-4921-940C-2AB1E5EDA6BD}.Debug|Any CPU.ActiveCfg = Debug|Any CPU
		{5B7352CA-4641-4921-940C-2AB1E5EDA6BD}.Debug|Any CPU.Build.0 = Debug|Any CPU
		{5B7352CA-4641-4921-940C-2AB1E5EDA6BD}.Release|Any CPU.ActiveCfg = Release|Any CPU
		{5B7352CA-4641-4921-940C-2AB1E5EDA6BD}.Release|Any CPU.Build.0 = Release|Any CPU
	EndGlobalSection
	GlobalSection(SolutionProperties) = preSolution
		HideSolutionNode = FALSE
	EndGlobalSection
	GlobalSection(ExtensibilityGlobals) = postSolution
		SolutionGuid = {2469D25F-793D-475C-BD16-73EA7A719250}
	EndGlobalSection
EndGlobal
